// !$*UTF8*$!
{
	archiveVersion = 1;
	classes = {
	};
	objectVersion = 46;
	objects = {

/* Begin PBXBuildFile section */
		AF1707BA1DA0956B00D58F76 /* AppDelegate.swift in Sources */ = {isa = PBXBuildFile; fileRef = AF1707B91DA0956B00D58F76 /* AppDelegate.swift */; };
		AF1707C11DA0956B00D58F76 /* Assets.xcassets in Resources */ = {isa = PBXBuildFile; fileRef = AF1707C01DA0956B00D58F76 /* Assets.xcassets */; };
		AF1707C41DA0956B00D58F76 /* LaunchScreen.storyboard in Resources */ = {isa = PBXBuildFile; fileRef = AF1707C21DA0956B00D58F76 /* LaunchScreen.storyboard */; };
		AF1707CF1DA0956B00D58F76 /* ThreeSixtyPlayerTests.swift in Sources */ = {isa = PBXBuildFile; fileRef = AF1707CE1DA0956B00D58F76 /* ThreeSixtyPlayerTests.swift */; };
		AF1707DA1DA0956B00D58F76 /* ThreeSixtyPlayerUITests.swift in Sources */ = {isa = PBXBuildFile; fileRef = AF1707D91DA0956B00D58F76 /* ThreeSixtyPlayerUITests.swift */; };
		AF1708031DA0966200D58F76 /* AVURLAsset+Extension.swift in Sources */ = {isa = PBXBuildFile; fileRef = AF1707FA1DA0966200D58F76 /* AVURLAsset+Extension.swift */; };
		AF1708041DA0966200D58F76 /* CMDeviceMotion+Extension.swift in Sources */ = {isa = PBXBuildFile; fileRef = AF1707FB1DA0966200D58F76 /* CMDeviceMotion+Extension.swift */; };
		AF1708051DA0966200D58F76 /* DeviceMotionController.swift in Sources */ = {isa = PBXBuildFile; fileRef = AF1707FD1DA0966200D58F76 /* DeviceMotionController.swift */; };
		AF1708061DA0966200D58F76 /* PanGestureController.swift in Sources */ = {isa = PBXBuildFile; fileRef = AF1707FE1DA0966200D58F76 /* PanGestureController.swift */; };
		AF1708071DA0966200D58F76 /* ThreeSixtyNavigator.swift in Sources */ = {isa = PBXBuildFile; fileRef = AF1707FF1DA0966200D58F76 /* ThreeSixtyNavigator.swift */; };
		AF1708101DA5487200D58F76 /* ThreeSixtyScene.swift in Sources */ = {isa = PBXBuildFile; fileRef = AF17080B1DA5487200D58F76 /* ThreeSixtyScene.swift */; };
		AF1708111DA5487200D58F76 /* PlaylistViewController.swift in Sources */ = {isa = PBXBuildFile; fileRef = AF17080D1DA5487200D58F76 /* PlaylistViewController.swift */; };
		AF1708121DA5487200D58F76 /* PlaylistViewController.xib in Resources */ = {isa = PBXBuildFile; fileRef = AF17080E1DA5487200D58F76 /* PlaylistViewController.xib */; };
		AF1708131DA5487200D58F76 /* ThreeSixtyViewController.swift in Sources */ = {isa = PBXBuildFile; fileRef = AF17080F1DA5487200D58F76 /* ThreeSixtyViewController.swift */; };
		AF1708151DA55C9B00D58F76 /* VideoScene.swift in Sources */ = {isa = PBXBuildFile; fileRef = AF1708141DA55C9B00D58F76 /* VideoScene.swift */; };
/* End PBXBuildFile section */

/* Begin PBXContainerItemProxy section */
		AF1707CB1DA0956B00D58F76 /* PBXContainerItemProxy */ = {
			isa = PBXContainerItemProxy;
			containerPortal = AF1707AE1DA0956B00D58F76 /* Project object */;
			proxyType = 1;
			remoteGlobalIDString = AF1707B51DA0956B00D58F76;
			remoteInfo = ThreeSixtyPlayer;
		};
		AF1707D61DA0956B00D58F76 /* PBXContainerItemProxy */ = {
			isa = PBXContainerItemProxy;
			containerPortal = AF1707AE1DA0956B00D58F76 /* Project object */;
			proxyType = 1;
			remoteGlobalIDString = AF1707B51DA0956B00D58F76;
			remoteInfo = ThreeSixtyPlayer;
		};
/* End PBXContainerItemProxy section */

/* Begin PBXFileReference section */
		AF1707B61DA0956B00D58F76 /* ThreeSixtyPlayer.app */ = {isa = PBXFileReference; explicitFileType = wrapper.application; includeInIndex = 0; path = ThreeSixtyPlayer.app; sourceTree = BUILT_PRODUCTS_DIR; };
		AF1707B91DA0956B00D58F76 /* AppDelegate.swift */ = {isa = PBXFileReference; lastKnownFileType = sourcecode.swift; path = AppDelegate.swift; sourceTree = "<group>"; };
		AF1707C01DA0956B00D58F76 /* Assets.xcassets */ = {isa = PBXFileReference; lastKnownFileType = folder.assetcatalog; path = Assets.xcassets; sourceTree = "<group>"; };
		AF1707C31DA0956B00D58F76 /* Base */ = {isa = PBXFileReference; lastKnownFileType = file.storyboard; name = Base; path = Base.lproj/LaunchScreen.storyboard; sourceTree = "<group>"; };
		AF1707C51DA0956B00D58F76 /* Info.plist */ = {isa = PBXFileReference; lastKnownFileType = text.plist.xml; path = Info.plist; sourceTree = "<group>"; };
		AF1707CA1DA0956B00D58F76 /* ThreeSixtyPlayerTests.xctest */ = {isa = PBXFileReference; explicitFileType = wrapper.cfbundle; includeInIndex = 0; path = ThreeSixtyPlayerTests.xctest; sourceTree = BUILT_PRODUCTS_DIR; };
		AF1707CE1DA0956B00D58F76 /* ThreeSixtyPlayerTests.swift */ = {isa = PBXFileReference; lastKnownFileType = sourcecode.swift; path = ThreeSixtyPlayerTests.swift; sourceTree = "<group>"; };
		AF1707D01DA0956B00D58F76 /* Info.plist */ = {isa = PBXFileReference; lastKnownFileType = text.plist.xml; path = Info.plist; sourceTree = "<group>"; };
		AF1707D51DA0956B00D58F76 /* ThreeSixtyPlayerUITests.xctest */ = {isa = PBXFileReference; explicitFileType = wrapper.cfbundle; includeInIndex = 0; path = ThreeSixtyPlayerUITests.xctest; sourceTree = BUILT_PRODUCTS_DIR; };
		AF1707D91DA0956B00D58F76 /* ThreeSixtyPlayerUITests.swift */ = {isa = PBXFileReference; lastKnownFileType = sourcecode.swift; path = ThreeSixtyPlayerUITests.swift; sourceTree = "<group>"; };
		AF1707DB1DA0956B00D58F76 /* Info.plist */ = {isa = PBXFileReference; lastKnownFileType = text.plist.xml; path = Info.plist; sourceTree = "<group>"; };
		AF1707FA1DA0966200D58F76 /* AVURLAsset+Extension.swift */ = {isa = PBXFileReference; fileEncoding = 4; lastKnownFileType = sourcecode.swift; path = "AVURLAsset+Extension.swift"; sourceTree = "<group>"; };
		AF1707FB1DA0966200D58F76 /* CMDeviceMotion+Extension.swift */ = {isa = PBXFileReference; fileEncoding = 4; lastKnownFileType = sourcecode.swift; path = "CMDeviceMotion+Extension.swift"; sourceTree = "<group>"; };
		AF1707FD1DA0966200D58F76 /* DeviceMotionController.swift */ = {isa = PBXFileReference; fileEncoding = 4; lastKnownFileType = sourcecode.swift; path = DeviceMotionController.swift; sourceTree = "<group>"; };
		AF1707FE1DA0966200D58F76 /* PanGestureController.swift */ = {isa = PBXFileReference; fileEncoding = 4; lastKnownFileType = sourcecode.swift; path = PanGestureController.swift; sourceTree = "<group>"; };
		AF1707FF1DA0966200D58F76 /* ThreeSixtyNavigator.swift */ = {isa = PBXFileReference; fileEncoding = 4; lastKnownFileType = sourcecode.swift; path = ThreeSixtyNavigator.swift; sourceTree = "<group>"; };
		AF17080B1DA5487200D58F76 /* ThreeSixtyScene.swift */ = {isa = PBXFileReference; fileEncoding = 4; lastKnownFileType = sourcecode.swift; path = ThreeSixtyScene.swift; sourceTree = "<group>"; };
		AF17080D1DA5487200D58F76 /* PlaylistViewController.swift */ = {isa = PBXFileReference; fileEncoding = 4; lastKnownFileType = sourcecode.swift; path = PlaylistViewController.swift; sourceTree = "<group>"; };
		AF17080E1DA5487200D58F76 /* PlaylistViewController.xib */ = {isa = PBXFileReference; fileEncoding = 4; lastKnownFileType = file.xib; path = PlaylistViewController.xib; sourceTree = "<group>"; };
		AF17080F1DA5487200D58F76 /* ThreeSixtyViewController.swift */ = {isa = PBXFileReference; fileEncoding = 4; lastKnownFileType = sourcecode.swift; path = ThreeSixtyViewController.swift; sourceTree = "<group>"; };
		AF1708141DA55C9B00D58F76 /* VideoScene.swift */ = {isa = PBXFileReference; fileEncoding = 4; lastKnownFileType = sourcecode.swift; path = VideoScene.swift; sourceTree = "<group>"; };
/* End PBXFileReference section */

/* Begin PBXFrameworksBuildPhase section */
		AF1707B31DA0956B00D58F76 /* Frameworks */ = {
			isa = PBXFrameworksBuildPhase;
			buildActionMask = 2147483647;
			files = (
			);
			runOnlyForDeploymentPostprocessing = 0;
		};
		AF1707C71DA0956B00D58F76 /* Frameworks */ = {
			isa = PBXFrameworksBuildPhase;
			buildActionMask = 2147483647;
			files = (
			);
			runOnlyForDeploymentPostprocessing = 0;
		};
		AF1707D21DA0956B00D58F76 /* Frameworks */ = {
			isa = PBXFrameworksBuildPhase;
			buildActionMask = 2147483647;
			files = (
			);
			runOnlyForDeploymentPostprocessing = 0;
		};
/* End PBXFrameworksBuildPhase section */

/* Begin PBXGroup section */
		AF1707AD1DA0956B00D58F76 = {
			isa = PBXGroup;
			children = (
				AF1707B81DA0956B00D58F76 /* ThreeSixtyPlayer */,
				AF1707CD1DA0956B00D58F76 /* ThreeSixtyPlayerTests */,
				AF1707D81DA0956B00D58F76 /* ThreeSixtyPlayerUITests */,
				AF1707B71DA0956B00D58F76 /* Products */,
			);
			sourceTree = "<group>";
		};
		AF1707B71DA0956B00D58F76 /* Products */ = {
			isa = PBXGroup;
			children = (
				AF1707B61DA0956B00D58F76 /* ThreeSixtyPlayer.app */,
				AF1707CA1DA0956B00D58F76 /* ThreeSixtyPlayerTests.xctest */,
				AF1707D51DA0956B00D58F76 /* ThreeSixtyPlayerUITests.xctest */,
			);
			name = Products;
			sourceTree = "<group>";
		};
		AF1707B81DA0956B00D58F76 /* ThreeSixtyPlayer */ = {
			isa = PBXGroup;
			children = (
				AF1707B91DA0956B00D58F76 /* AppDelegate.swift */,
				AF17080A1DA5487200D58F76 /* Scene */,
				AF17080C1DA5487200D58F76 /* ViewControllers */,
				AF1707F91DA0966200D58F76 /* Extensions */,
				AF1707FC1DA0966200D58F76 /* Navigation */,
				AF1707C01DA0956B00D58F76 /* Assets.xcassets */,
				AF1707C21DA0956B00D58F76 /* LaunchScreen.storyboard */,
				AF1707C51DA0956B00D58F76 /* Info.plist */,
			);
			path = ThreeSixtyPlayer;
			sourceTree = "<group>";
		};
		AF1707CD1DA0956B00D58F76 /* ThreeSixtyPlayerTests */ = {
			isa = PBXGroup;
			children = (
				AF1707CE1DA0956B00D58F76 /* ThreeSixtyPlayerTests.swift */,
				AF1707D01DA0956B00D58F76 /* Info.plist */,
			);
			path = ThreeSixtyPlayerTests;
			sourceTree = "<group>";
		};
		AF1707D81DA0956B00D58F76 /* ThreeSixtyPlayerUITests */ = {
			isa = PBXGroup;
			children = (
				AF1707D91DA0956B00D58F76 /* ThreeSixtyPlayerUITests.swift */,
				AF1707DB1DA0956B00D58F76 /* Info.plist */,
			);
			path = ThreeSixtyPlayerUITests;
			sourceTree = "<group>";
		};
		AF1707F91DA0966200D58F76 /* Extensions */ = {
			isa = PBXGroup;
			children = (
				AF1707FA1DA0966200D58F76 /* AVURLAsset+Extension.swift */,
				AF1707FB1DA0966200D58F76 /* CMDeviceMotion+Extension.swift */,
			);
			path = Extensions;
			sourceTree = "<group>";
		};
		AF1707FC1DA0966200D58F76 /* Navigation */ = {
			isa = PBXGroup;
			children = (
				AF1707FF1DA0966200D58F76 /* ThreeSixtyNavigator.swift */,
				AF1707FD1DA0966200D58F76 /* DeviceMotionController.swift */,
				AF1707FE1DA0966200D58F76 /* PanGestureController.swift */,
			);
			path = Navigation;
			sourceTree = "<group>";
		};
		AF17080A1DA5487200D58F76 /* Scene */ = {
			isa = PBXGroup;
			children = (
				AF17080B1DA5487200D58F76 /* ThreeSixtyScene.swift */,
				AF1708141DA55C9B00D58F76 /* VideoScene.swift */,
			);
			path = Scene;
			sourceTree = "<group>";
		};
		AF17080C1DA5487200D58F76 /* ViewControllers */ = {
			isa = PBXGroup;
			children = (
				AF17080D1DA5487200D58F76 /* PlaylistViewController.swift */,
				AF17080E1DA5487200D58F76 /* PlaylistViewController.xib */,
				AF17080F1DA5487200D58F76 /* ThreeSixtyViewController.swift */,
			);
			path = ViewControllers;
			sourceTree = "<group>";
		};
/* End PBXGroup section */

/* Begin PBXNativeTarget section */
		AF1707B51DA0956B00D58F76 /* ThreeSixtyPlayer */ = {
			isa = PBXNativeTarget;
			buildConfigurationList = AF1707DE1DA0956B00D58F76 /* Build configuration list for PBXNativeTarget "ThreeSixtyPlayer" */;
			buildPhases = (
				AF1707B21DA0956B00D58F76 /* Sources */,
				AF1707B31DA0956B00D58F76 /* Frameworks */,
				AF1707B41DA0956B00D58F76 /* Resources */,
			);
			buildRules = (
			);
			dependencies = (
			);
			name = ThreeSixtyPlayer;
			productName = ThreeSixtyPlayer;
			productReference = AF1707B61DA0956B00D58F76 /* ThreeSixtyPlayer.app */;
			productType = "com.apple.product-type.application";
		};
		AF1707C91DA0956B00D58F76 /* ThreeSixtyPlayerTests */ = {
			isa = PBXNativeTarget;
			buildConfigurationList = AF1707E11DA0956B00D58F76 /* Build configuration list for PBXNativeTarget "ThreeSixtyPlayerTests" */;
			buildPhases = (
				AF1707C61DA0956B00D58F76 /* Sources */,
				AF1707C71DA0956B00D58F76 /* Frameworks */,
				AF1707C81DA0956B00D58F76 /* Resources */,
			);
			buildRules = (
			);
			dependencies = (
				AF1707CC1DA0956B00D58F76 /* PBXTargetDependency */,
			);
			name = ThreeSixtyPlayerTests;
			productName = ThreeSixtyPlayerTests;
			productReference = AF1707CA1DA0956B00D58F76 /* ThreeSixtyPlayerTests.xctest */;
			productType = "com.apple.product-type.bundle.unit-test";
		};
		AF1707D41DA0956B00D58F76 /* ThreeSixtyPlayerUITests */ = {
			isa = PBXNativeTarget;
			buildConfigurationList = AF1707E41DA0956B00D58F76 /* Build configuration list for PBXNativeTarget "ThreeSixtyPlayerUITests" */;
			buildPhases = (
				AF1707D11DA0956B00D58F76 /* Sources */,
				AF1707D21DA0956B00D58F76 /* Frameworks */,
				AF1707D31DA0956B00D58F76 /* Resources */,
			);
			buildRules = (
			);
			dependencies = (
				AF1707D71DA0956B00D58F76 /* PBXTargetDependency */,
			);
			name = ThreeSixtyPlayerUITests;
			productName = ThreeSixtyPlayerUITests;
			productReference = AF1707D51DA0956B00D58F76 /* ThreeSixtyPlayerUITests.xctest */;
			productType = "com.apple.product-type.bundle.ui-testing";
		};
/* End PBXNativeTarget section */

/* Begin PBXProject section */
		AF1707AE1DA0956B00D58F76 /* Project object */ = {
			isa = PBXProject;
			attributes = {
				LastSwiftUpdateCheck = 0800;
				LastUpgradeCheck = 0800;
				ORGANIZATIONNAME = "Alfie Hanssen";
				TargetAttributes = {
					AF1707B51DA0956B00D58F76 = {
						CreatedOnToolsVersion = 8.0;
						DevelopmentTeam = AT3549635A;
						ProvisioningStyle = Automatic;
					};
					AF1707C91DA0956B00D58F76 = {
						CreatedOnToolsVersion = 8.0;
						ProvisioningStyle = Automatic;
						TestTargetID = AF1707B51DA0956B00D58F76;
					};
					AF1707D41DA0956B00D58F76 = {
						CreatedOnToolsVersion = 8.0;
						ProvisioningStyle = Automatic;
						TestTargetID = AF1707B51DA0956B00D58F76;
					};
				};
			};
			buildConfigurationList = AF1707B11DA0956B00D58F76 /* Build configuration list for PBXProject "ThreeSixtyPlayer" */;
			compatibilityVersion = "Xcode 3.2";
			developmentRegion = English;
			hasScannedForEncodings = 0;
			knownRegions = (
				en,
				Base,
			);
			mainGroup = AF1707AD1DA0956B00D58F76;
			productRefGroup = AF1707B71DA0956B00D58F76 /* Products */;
			projectDirPath = "";
			projectRoot = "";
			targets = (
				AF1707B51DA0956B00D58F76 /* ThreeSixtyPlayer */,
				AF1707C91DA0956B00D58F76 /* ThreeSixtyPlayerTests */,
				AF1707D41DA0956B00D58F76 /* ThreeSixtyPlayerUITests */,
			);
		};
/* End PBXProject section */

/* Begin PBXResourcesBuildPhase section */
		AF1707B41DA0956B00D58F76 /* Resources */ = {
			isa = PBXResourcesBuildPhase;
			buildActionMask = 2147483647;
			files = (
				AF1708121DA5487200D58F76 /* PlaylistViewController.xib in Resources */,
				AF1707C41DA0956B00D58F76 /* LaunchScreen.storyboard in Resources */,
				AF1707C11DA0956B00D58F76 /* Assets.xcassets in Resources */,
			);
			runOnlyForDeploymentPostprocessing = 0;
		};
		AF1707C81DA0956B00D58F76 /* Resources */ = {
			isa = PBXResourcesBuildPhase;
			buildActionMask = 2147483647;
			files = (
			);
			runOnlyForDeploymentPostprocessing = 0;
		};
		AF1707D31DA0956B00D58F76 /* Resources */ = {
			isa = PBXResourcesBuildPhase;
			buildActionMask = 2147483647;
			files = (
			);
			runOnlyForDeploymentPostprocessing = 0;
		};
/* End PBXResourcesBuildPhase section */

/* Begin PBXSourcesBuildPhase section */
		AF1707B21DA0956B00D58F76 /* Sources */ = {
			isa = PBXSourcesBuildPhase;
			buildActionMask = 2147483647;
			files = (
				AF1708111DA5487200D58F76 /* PlaylistViewController.swift in Sources */,
				AF1707BA1DA0956B00D58F76 /* AppDelegate.swift in Sources */,
				AF1708151DA55C9B00D58F76 /* VideoScene.swift in Sources */,
				AF1708051DA0966200D58F76 /* DeviceMotionController.swift in Sources */,
				AF1708061DA0966200D58F76 /* PanGestureController.swift in Sources */,
				AF1708031DA0966200D58F76 /* AVURLAsset+Extension.swift in Sources */,
				AF1708131DA5487200D58F76 /* ThreeSixtyViewController.swift in Sources */,
				AF1708071DA0966200D58F76 /* ThreeSixtyNavigator.swift in Sources */,
				AF1708041DA0966200D58F76 /* CMDeviceMotion+Extension.swift in Sources */,
				AF1708101DA5487200D58F76 /* ThreeSixtyScene.swift in Sources */,
			);
			runOnlyForDeploymentPostprocessing = 0;
		};
		AF1707C61DA0956B00D58F76 /* Sources */ = {
			isa = PBXSourcesBuildPhase;
			buildActionMask = 2147483647;
			files = (
				AF1707CF1DA0956B00D58F76 /* ThreeSixtyPlayerTests.swift in Sources */,
			);
			runOnlyForDeploymentPostprocessing = 0;
		};
		AF1707D11DA0956B00D58F76 /* Sources */ = {
			isa = PBXSourcesBuildPhase;
			buildActionMask = 2147483647;
			files = (
				AF1707DA1DA0956B00D58F76 /* ThreeSixtyPlayerUITests.swift in Sources */,
			);
			runOnlyForDeploymentPostprocessing = 0;
		};
/* End PBXSourcesBuildPhase section */

/* Begin PBXTargetDependency section */
		AF1707CC1DA0956B00D58F76 /* PBXTargetDependency */ = {
			isa = PBXTargetDependency;
			target = AF1707B51DA0956B00D58F76 /* ThreeSixtyPlayer */;
			targetProxy = AF1707CB1DA0956B00D58F76 /* PBXContainerItemProxy */;
		};
		AF1707D71DA0956B00D58F76 /* PBXTargetDependency */ = {
			isa = PBXTargetDependency;
			target = AF1707B51DA0956B00D58F76 /* ThreeSixtyPlayer */;
			targetProxy = AF1707D61DA0956B00D58F76 /* PBXContainerItemProxy */;
		};
/* End PBXTargetDependency section */

/* Begin PBXVariantGroup section */
		AF1707C21DA0956B00D58F76 /* LaunchScreen.storyboard */ = {
			isa = PBXVariantGroup;
			children = (
				AF1707C31DA0956B00D58F76 /* Base */,
			);
			name = LaunchScreen.storyboard;
			sourceTree = "<group>";
		};
/* End PBXVariantGroup section */

/* Begin XCBuildConfiguration section */
		AF1707DC1DA0956B00D58F76 /* Debug */ = {
			isa = XCBuildConfiguration;
			buildSettings = {
				ALWAYS_SEARCH_USER_PATHS = NO;
				CLANG_ANALYZER_NONNULL = YES;
				CLANG_CXX_LANGUAGE_STANDARD = "gnu++0x";
				CLANG_CXX_LIBRARY = "libc++";
				CLANG_ENABLE_MODULES = YES;
				CLANG_ENABLE_OBJC_ARC = YES;
				CLANG_WARN_BOOL_CONVERSION = YES;
				CLANG_WARN_CONSTANT_CONVERSION = YES;
				CLANG_WARN_DIRECT_OBJC_ISA_USAGE = YES_ERROR;
				CLANG_WARN_DOCUMENTATION_COMMENTS = YES;
				CLANG_WARN_EMPTY_BODY = YES;
				CLANG_WARN_ENUM_CONVERSION = YES;
				CLANG_WARN_INFINITE_RECURSION = YES;
				CLANG_WARN_INT_CONVERSION = YES;
				CLANG_WARN_OBJC_ROOT_CLASS = YES_ERROR;
				CLANG_WARN_SUSPICIOUS_MOVES = YES;
				CLANG_WARN_UNREACHABLE_CODE = YES;
				CLANG_WARN__DUPLICATE_METHOD_MATCH = YES;
				"CODE_SIGN_IDENTITY[sdk=iphoneos*]" = "iPhone Developer";
				COPY_PHASE_STRIP = NO;
				DEBUG_INFORMATION_FORMAT = dwarf;
				ENABLE_STRICT_OBJC_MSGSEND = YES;
				ENABLE_TESTABILITY = YES;
				GCC_C_LANGUAGE_STANDARD = gnu99;
				GCC_DYNAMIC_NO_PIC = NO;
				GCC_NO_COMMON_BLOCKS = YES;
				GCC_OPTIMIZATION_LEVEL = 0;
				GCC_PREPROCESSOR_DEFINITIONS = (
					"DEBUG=1",
					"$(inherited)",
				);
				GCC_WARN_64_TO_32_BIT_CONVERSION = YES;
				GCC_WARN_ABOUT_RETURN_TYPE = YES_ERROR;
				GCC_WARN_UNDECLARED_SELECTOR = YES;
				GCC_WARN_UNINITIALIZED_AUTOS = YES_AGGRESSIVE;
				GCC_WARN_UNUSED_FUNCTION = YES;
				GCC_WARN_UNUSED_VARIABLE = YES;
				IPHONEOS_DEPLOYMENT_TARGET = 9.0;
				MTL_ENABLE_DEBUG_INFO = YES;
				ONLY_ACTIVE_ARCH = YES;
				SDKROOT = iphoneos;
				SWIFT_ACTIVE_COMPILATION_CONDITIONS = DEBUG;
				SWIFT_OPTIMIZATION_LEVEL = "-Onone";
			};
			name = Debug;
		};
		AF1707DD1DA0956B00D58F76 /* Release */ = {
			isa = XCBuildConfiguration;
			buildSettings = {
				ALWAYS_SEARCH_USER_PATHS = NO;
				CLANG_ANALYZER_NONNULL = YES;
				CLANG_CXX_LANGUAGE_STANDARD = "gnu++0x";
				CLANG_CXX_LIBRARY = "libc++";
				CLANG_ENABLE_MODULES = YES;
				CLANG_ENABLE_OBJC_ARC = YES;
				CLANG_WARN_BOOL_CONVERSION = YES;
				CLANG_WARN_CONSTANT_CONVERSION = YES;
				CLANG_WARN_DIRECT_OBJC_ISA_USAGE = YES_ERROR;
				CLANG_WARN_DOCUMENTATION_COMMENTS = YES;
				CLANG_WARN_EMPTY_BODY = YES;
				CLANG_WARN_ENUM_CONVERSION = YES;
				CLANG_WARN_INFINITE_RECURSION = YES;
				CLANG_WARN_INT_CONVERSION = YES;
				CLANG_WARN_OBJC_ROOT_CLASS = YES_ERROR;
				CLANG_WARN_SUSPICIOUS_MOVES = YES;
				CLANG_WARN_UNREACHABLE_CODE = YES;
				CLANG_WARN__DUPLICATE_METHOD_MATCH = YES;
				"CODE_SIGN_IDENTITY[sdk=iphoneos*]" = "iPhone Developer";
				COPY_PHASE_STRIP = NO;
				DEBUG_INFORMATION_FORMAT = "dwarf-with-dsym";
				ENABLE_NS_ASSERTIONS = NO;
				ENABLE_STRICT_OBJC_MSGSEND = YES;
				GCC_C_LANGUAGE_STANDARD = gnu99;
				GCC_NO_COMMON_BLOCKS = YES;
				GCC_WARN_64_TO_32_BIT_CONVERSION = YES;
				GCC_WARN_ABOUT_RETURN_TYPE = YES_ERROR;
				GCC_WARN_UNDECLARED_SELECTOR = YES;
				GCC_WARN_UNINITIALIZED_AUTOS = YES_AGGRESSIVE;
				GCC_WARN_UNUSED_FUNCTION = YES;
				GCC_WARN_UNUSED_VARIABLE = YES;
				IPHONEOS_DEPLOYMENT_TARGET = 9.0;
				MTL_ENABLE_DEBUG_INFO = NO;
				SDKROOT = iphoneos;
				SWIFT_OPTIMIZATION_LEVEL = "-Owholemodule";
				VALIDATE_PRODUCT = YES;
			};
			name = Release;
		};
		AF1707DF1DA0956B00D58F76 /* Debug */ = {
			isa = XCBuildConfiguration;
			buildSettings = {
				ASSETCATALOG_COMPILER_APPICON_NAME = AppIcon;
				DEVELOPMENT_TEAM = AT3549635A;
				INFOPLIST_FILE = ThreeSixtyPlayer/Info.plist;
				LD_RUNPATH_SEARCH_PATHS = "$(inherited) @executable_path/Frameworks";
				PRODUCT_BUNDLE_IDENTIFIER = com.alfiehanssen.ThreeSixtyPlayer;
				PRODUCT_NAME = "$(TARGET_NAME)";
				SWIFT_VERSION = 3.0;
			};
			name = Debug;
		};
		AF1707E01DA0956B00D58F76 /* Release */ = {
			isa = XCBuildConfiguration;
			buildSettings = {
				ASSETCATALOG_COMPILER_APPICON_NAME = AppIcon;
				DEVELOPMENT_TEAM = AT3549635A;
				INFOPLIST_FILE = ThreeSixtyPlayer/Info.plist;
				LD_RUNPATH_SEARCH_PATHS = "$(inherited) @executable_path/Frameworks";
				PRODUCT_BUNDLE_IDENTIFIER = com.alfiehanssen.ThreeSixtyPlayer;
				PRODUCT_NAME = "$(TARGET_NAME)";
				SWIFT_VERSION = 3.0;
			};
			name = Release;
		};
		AF1707E21DA0956B00D58F76 /* Debug */ = {
			isa = XCBuildConfiguration;
			buildSettings = {
				ALWAYS_EMBED_SWIFT_STANDARD_LIBRARIES = YES;
				BUNDLE_LOADER = "$(TEST_HOST)";
				INFOPLIST_FILE = ThreeSixtyPlayerTests/Info.plist;
				LD_RUNPATH_SEARCH_PATHS = "$(inherited) @executable_path/Frameworks @loader_path/Frameworks";
				PRODUCT_BUNDLE_IDENTIFIER = com.alfiehanssen.ThreeSixtyPlayerTests;
				PRODUCT_NAME = "$(TARGET_NAME)";
				SWIFT_VERSION = 3.0;
				TEST_HOST = "$(BUILT_PRODUCTS_DIR)/ThreeSixtyPlayer.app/ThreeSixtyPlayer";
			};
			name = Debug;
		};
		AF1707E31DA0956B00D58F76 /* Release */ = {
			isa = XCBuildConfiguration;
			buildSettings = {
				ALWAYS_EMBED_SWIFT_STANDARD_LIBRARIES = YES;
				BUNDLE_LOADER = "$(TEST_HOST)";
				INFOPLIST_FILE = ThreeSixtyPlayerTests/Info.plist;
				LD_RUNPATH_SEARCH_PATHS = "$(inherited) @executable_path/Frameworks @loader_path/Frameworks";
				PRODUCT_BUNDLE_IDENTIFIER = com.alfiehanssen.ThreeSixtyPlayerTests;
				PRODUCT_NAME = "$(TARGET_NAME)";
				SWIFT_VERSION = 3.0;
				TEST_HOST = "$(BUILT_PRODUCTS_DIR)/ThreeSixtyPlayer.app/ThreeSixtyPlayer";
			};
			name = Release;
		};
		AF1707E51DA0956B00D58F76 /* Debug */ = {
			isa = XCBuildConfiguration;
			buildSettings = {
				ALWAYS_EMBED_SWIFT_STANDARD_LIBRARIES = YES;
				INFOPLIST_FILE = ThreeSixtyPlayerUITests/Info.plist;
				LD_RUNPATH_SEARCH_PATHS = "$(inherited) @executable_path/Frameworks @loader_path/Frameworks";
				PRODUCT_BUNDLE_IDENTIFIER = com.alfiehanssen.ThreeSixtyPlayerUITests;
				PRODUCT_NAME = "$(TARGET_NAME)";
				SWIFT_VERSION = 3.0;
				TEST_TARGET_NAME = ThreeSixtyPlayer;
			};
			name = Debug;
		};
		AF1707E61DA0956B00D58F76 /* Release */ = {
			isa = XCBuildConfiguration;
			buildSettings = {
				ALWAYS_EMBED_SWIFT_STANDARD_LIBRARIES = YES;
				INFOPLIST_FILE = ThreeSixtyPlayerUITests/Info.plist;
				LD_RUNPATH_SEARCH_PATHS = "$(inherited) @executable_path/Frameworks @loader_path/Frameworks";
				PRODUCT_BUNDLE_IDENTIFIER = com.alfiehanssen.ThreeSixtyPlayerUITests;
				PRODUCT_NAME = "$(TARGET_NAME)";
				SWIFT_VERSION = 3.0;
				TEST_TARGET_NAME = ThreeSixtyPlayer;
			};
			name = Release;
		};
/* End XCBuildConfiguration section */

/* Begin XCConfigurationList section */
		AF1707B11DA0956B00D58F76 /* Build configuration list for PBXProject "ThreeSixtyPlayer" */ = {
			isa = XCConfigurationList;
			buildConfigurations = (
				AF1707DC1DA0956B00D58F76 /* Debug */,
				AF1707DD1DA0956B00D58F76 /* Release */,
			);
			defaultConfigurationIsVisible = 0;
			defaultConfigurationName = Release;
		};
		AF1707DE1DA0956B00D58F76 /* Build configuration list for PBXNativeTarget "ThreeSixtyPlayer" */ = {
			isa = XCConfigurationList;
			buildConfigurations = (
				AF1707DF1DA0956B00D58F76 /* Debug */,
				AF1707E01DA0956B00D58F76 /* Release */,
			);
			defaultConfigurationIsVisible = 0;
			defaultConfigurationName = Release;
		};
		AF1707E11DA0956B00D58F76 /* Build configuration list for PBXNativeTarget "ThreeSixtyPlayerTests" */ = {
			isa = XCConfigurationList;
			buildConfigurations = (
				AF1707E21DA0956B00D58F76 /* Debug */,
				AF1707E31DA0956B00D58F76 /* Release */,
			);
			defaultConfigurationIsVisible = 0;
			defaultConfigurationName = Release;
		};
		AF1707E41DA0956B00D58F76 /* Build configuration list for PBXNativeTarget "ThreeSixtyPlayerUITests" */ = {
			isa = XCConfigurationList;
			buildConfigurations = (
				AF1707E51DA0956B00D58F76 /* Debug */,
				AF1707E61DA0956B00D58F76 /* Release */,
			);
			defaultConfigurationIsVisible = 0;
			defaultConfigurationName = Release;
		};
/* End XCConfigurationList section */
	};
	rootObject = AF1707AE1DA0956B00D58F76 /* Project object */;
}
